{
    "_meta": {
        "hash": {
            "sha256": "4935dd49a54b9020eac691d59005b2b99c4700829f9734c7494176502c390bd2"
        },
        "pipfile-spec": 6,
        "requires": {
            "python_version": "3.6"
        },
        "sources": [
            {
                "name": "pypi",
                "url": "https://pypi.org/simple",
                "verify_ssl": true
            }
        ]
    },
    "default": {
        "asn1crypto": {
            "hashes": [
                "sha256:2f1adbb7546ed199e3c90ef23ec95c5cf3585bac7d11fb7eb562a3fe89c64e87",
                "sha256:9d5c20441baf0cb60a4ac34cc447c6c189024b6b4c6cd7877034f4965c464e49"
            ],
            "version": "==0.24.0"
        },
        "attrs": {
            "hashes": [
                "sha256:10cbf6e27dbce8c30807caf056c8eb50917e0eaafe86347671b57254006c3e69",
                "sha256:ca4be454458f9dec299268d472aaa5a11f67a4ff70093396e1ceae9c76cf4bbb"
            ],
            "version": "==18.2.0"
        },
        "automat": {
            "hashes": [
                "sha256:cbd78b83fa2d81fe2a4d23d258e1661dd7493c9a50ee2f1a5b2cac61c1793b0e",
                "sha256:fdccab66b68498af9ecfa1fa43693abe546014dd25cf28543cbe9d1334916a58"
            ],
            "version": "==0.7.0"
        },
        "cerberus": {
            "hashes": [
                "sha256:f5c2e048fb15ecb3c088d192164316093fcfa602a74b3386eefb2983aa7e800a"
            ],
            "version": "==1.2"
        },
        "cffi": {
            "hashes": [
                "sha256:151b7eefd035c56b2b2e1eb9963c90c6302dc15fbd8c1c0a83a163ff2c7d7743",
                "sha256:1553d1e99f035ace1c0544050622b7bc963374a00c467edafac50ad7bd276aef",
                "sha256:1b0493c091a1898f1136e3f4f991a784437fac3673780ff9de3bcf46c80b6b50",
                "sha256:2ba8a45822b7aee805ab49abfe7eec16b90587f7f26df20c71dd89e45a97076f",
                "sha256:3bb6bd7266598f318063e584378b8e27c67de998a43362e8fce664c54ee52d30",
                "sha256:3c85641778460581c42924384f5e68076d724ceac0f267d66c757f7535069c93",
                "sha256:3eb6434197633b7748cea30bf0ba9f66727cdce45117a712b29a443943733257",
                "sha256:495c5c2d43bf6cebe0178eb3e88f9c4aa48d8934aa6e3cddb865c058da76756b",
                "sha256:4c91af6e967c2015729d3e69c2e51d92f9898c330d6a851bf8f121236f3defd3",
                "sha256:57b2533356cb2d8fac1555815929f7f5f14d68ac77b085d2326b571310f34f6e",
                "sha256:770f3782b31f50b68627e22f91cb182c48c47c02eb405fd689472aa7b7aa16dc",
                "sha256:79f9b6f7c46ae1f8ded75f68cf8ad50e5729ed4d590c74840471fc2823457d04",
                "sha256:7a33145e04d44ce95bcd71e522b478d282ad0eafaf34fe1ec5bbd73e662f22b6",
                "sha256:857959354ae3a6fa3da6651b966d13b0a8bed6bbc87a0de7b38a549db1d2a359",
                "sha256:87f37fe5130574ff76c17cab61e7d2538a16f843bb7bca8ebbc4b12de3078596",
                "sha256:95d5251e4b5ca00061f9d9f3d6fe537247e145a8524ae9fd30a2f8fbce993b5b",
                "sha256:9d1d3e63a4afdc29bd76ce6aa9d58c771cd1599fbba8cf5057e7860b203710dd",
                "sha256:a36c5c154f9d42ec176e6e620cb0dd275744aa1d804786a71ac37dc3661a5e95",
                "sha256:a6a5cb8809091ec9ac03edde9304b3ad82ad4466333432b16d78ef40e0cce0d5",
                "sha256:ae5e35a2c189d397b91034642cb0eab0e346f776ec2eb44a49a459e6615d6e2e",
                "sha256:b0f7d4a3df8f06cf49f9f121bead236e328074de6449866515cea4907bbc63d6",
                "sha256:b75110fb114fa366b29a027d0c9be3709579602ae111ff61674d28c93606acca",
                "sha256:ba5e697569f84b13640c9e193170e89c13c6244c24400fc57e88724ef610cd31",
                "sha256:be2a9b390f77fd7676d80bc3cdc4f8edb940d8c198ed2d8c0be1319018c778e1",
                "sha256:ca1bd81f40adc59011f58159e4aa6445fc585a32bb8ac9badf7a2c1aa23822f2",
                "sha256:d5d8555d9bfc3f02385c1c37e9f998e2011f0db4f90e250e5bc0c0a85a813085",
                "sha256:e55e22ac0a30023426564b1059b035973ec82186ddddbac867078435801c7801",
                "sha256:e90f17980e6ab0f3c2f3730e56d1fe9bcba1891eeea58966e89d352492cc74f4",
                "sha256:ecbb7b01409e9b782df5ded849c178a0aa7c906cf8c5a67368047daab282b184",
                "sha256:ed01918d545a38998bfa5902c7c00e0fee90e957ce036a4000a88e3fe2264917",
                "sha256:edabd457cd23a02965166026fd9bfd196f4324fe6032e866d0f3bd0301cd486f",
                "sha256:fdf1c1dc5bafc32bc5d08b054f94d659422b05aba244d6be4ddc1c72d9aa70fb"
            ],
            "version": "==1.11.5"
        },
        "click": {
            "hashes": [
                "sha256:2335065e6395b9e67ca716de5f7526736bfa6ceead690adf616d925bdc622b13",
                "sha256:5b94b49521f6456670fdb30cd82a4eca9412788a93fa6dd6df72c94d5a8ff2d7"
            ],
            "version": "==7.0"
        },
        "constantly": {
            "hashes": [
                "sha256:586372eb92059873e29eba4f9dec8381541b4d3834660707faf8ba59146dfc35",
                "sha256:dd2fa9d6b1a51a83f0d7dd76293d734046aa176e384bf6e33b7e44880eb37c5d"
            ],
            "version": "==15.1.0"
        },
        "cryptography": {
            "hashes": [
                "sha256:05b3ded5e88747d28ee3ef493f2b92cbb947c1e45cf98cfef22e6d38bb67d4af",
                "sha256:06826e7f72d1770e186e9c90e76b4f84d90cdb917b47ff88d8dc59a7b10e2b1e",
                "sha256:08b753df3672b7066e74376f42ce8fc4683e4fd1358d34c80f502e939ee944d2",
                "sha256:2cd29bd1911782baaee890544c653bb03ec7d95ebeb144d714b0f5c33deb55c7",
                "sha256:31e5637e9036d966824edaa91bf0aa39dc6f525a1c599f39fd5c50340264e079",
                "sha256:42fad67d7072216a49e34f923d8cbda9edacbf6633b19a79655e88a1b4857063",
                "sha256:4946b67235b9d2ea7d31307be9d5ad5959d6c4a8f98f900157b47abddf698401",
                "sha256:522fdb2809603ee97a4d0ef2f8d617bc791eb483313ba307cb9c0a773e5e5695",
                "sha256:6f841c7272645dd7c65b07b7108adfa8af0aaea57f27b7f59e01d41f75444c85",
                "sha256:7d335e35306af5b9bc0560ca39f740dfc8def72749645e193dd35be11fb323b3",
                "sha256:8504661ffe324837f5c4607347eeee4cf0fcad689163c6e9c8d3b18cf1f4a4ad",
                "sha256:9260b201ce584d7825d900c88700aa0bd6b40d4ebac7b213857bd2babee9dbca",
                "sha256:9a30384cc402eac099210ab9b8801b2ae21e591831253883decdb4513b77a3cd",
                "sha256:9e29af877c29338f0cab5f049ccc8bd3ead289a557f144376c4fbc7d1b98914f",
                "sha256:ab50da871bc109b2d9389259aac269dd1b7c7413ee02d06fe4e486ed26882159",
                "sha256:b13c80b877e73bcb6f012813c6f4a9334fcf4b0e96681c5a15dac578f2eedfa0",
                "sha256:bfe66b577a7118e05b04141f0f1ed0959552d45672aa7ecb3d91e319d846001e",
                "sha256:e091bd424567efa4b9d94287a952597c05d22155a13716bf5f9f746b9dc906d3",
                "sha256:fa2b38c8519c5a3aa6e2b4e1cf1a549b54acda6adb25397ff542068e73d1ed00"
            ],
            "version": "==2.5"
        },
        "cssselect": {
            "hashes": [
                "sha256:066d8bc5229af09617e24b3ca4d52f1f9092d9e061931f4184cd572885c23204",
                "sha256:3b5103e8789da9e936a68d993b70df732d06b8bb9a337a05ed4eb52c17ef7206"
            ],
            "version": "==1.0.3"
        },
        "dateparser": {
            "hashes": [
                "sha256:940828183c937bcec530753211b70f673c0a9aab831e43273489b310538dff86",
                "sha256:b452ef8b36cd78ae86a50721794bc674aa3994e19b570f7ba92810f4e0a2ae03"
            ],
            "index": "pypi",
            "version": "==0.7.0"
        },
        "eve": {
            "hashes": [
                "sha256:88105080e8a2567a1a8d50a5cded0d7d95e95f704b310c8107ef2ff7696f5316"
            ],
            "index": "pypi",
            "version": "==0.8.1"
        },
        "events": {
            "hashes": [
                "sha256:f4d9c41a5c160ce504278f219fe56f44242ca63794a0ad638b52d1e087ac2a41"
            ],
            "version": "==0.3"
        },
        "flask": {
            "hashes": [
                "sha256:2271c0070dbcb5275fad4a82e29f23ab92682dc45f9dfbc22c02ba9b9322ce48",
                "sha256:a080b744b7e345ccfcbc77954861cb05b3c63786e93f2b3875e0913d44b43f05"
            ],
            "version": "==1.0.2"
        },
        "fuzzywuzzy": {
            "extras": [
                "speedup"
            ],
            "hashes": [
                "sha256:5ac7c0b3f4658d2743aa17da53a55598144edbc5bee3c6863840636e6926f254",
                "sha256:6f49de47db00e1c71d40ad16da42284ac357936fa9b66bea1df63fed07122d62"
            ],
            "index": "pypi",
            "version": "==0.17.0"
        },
        "hyperlink": {
            "hashes": [
                "sha256:98da4218a56b448c7ec7d2655cb339af1f7d751cf541469bb4fc28c4a4245b34",
                "sha256:f01b4ff744f14bc5d0a22a6b9f1525ab7d6312cb0ff967f59414bbac52f0a306"
            ],
            "version": "==18.0.0"
        },
        "idna": {
            "hashes": [
                "sha256:c357b3f628cf53ae2c4c05627ecc484553142ca23264e593d327bcde5e9c3407",
                "sha256:ea8b7f6188e6fa117537c3df7da9fc686d485087abf6ac197f9c46432f7e4a3c"
            ],
            "version": "==2.8"
        },
        "incremental": {
            "hashes": [
                "sha256:717e12246dddf231a349175f48d74d93e2897244939173b01974ab6661406b9f",
                "sha256:7b751696aaf36eebfab537e458929e194460051ccad279c72b755a167eebd4b3"
            ],
            "version": "==17.5.0"
        },
        "itsdangerous": {
            "hashes": [
                "sha256:321b033d07f2a4136d3ec762eac9f16a10ccd60f53c0c91af90217ace7ba1f19",
                "sha256:b12271b2047cb23eeb98c8b5622e2e5c5e9abd9784a153e9d8ef9cb4dd09d749"
            ],
            "version": "==1.1.0"
        },
        "jinja2": {
            "hashes": [
                "sha256:74c935a1b8bb9a3947c50a54766a969d4846290e1e788ea44c1392163723c3bd",
                "sha256:f84be1bb0040caca4cea721fcbbbbd61f9be9464ca236387158b0feea01914a4"
            ],
            "version": "==2.10"
        },
        "lxml": {
            "hashes": [
                "sha256:0537eee4902e8bf4f41bfee8133f7edf96533dd175930a12086d6a40d62376b2",
                "sha256:0562ec748abd230ab87d73384e08fa784f9b9cee89e28696087d2d22c052cc27",
                "sha256:09e91831e749fbf0f24608694e4573be0ef51430229450c39c83176cc2e2d353",
                "sha256:1ae4c0722fc70c0d4fba43ae33c2885f705e96dce1db41f75ae14a2d2749b428",
                "sha256:1c630c083d782cbaf1f7f37f6cac87bda9cff643cf2803a5f180f30d97955cef",
                "sha256:2fe74e3836bd8c0fa7467ffae05545233c7f37de1eb765cacfda15ad20c6574a",
                "sha256:37af783c2667ead34a811037bda56a0b142ac8438f7ed29ae93f82ddb812fbd6",
                "sha256:3f2d9eafbb0b24a33f56acd16f39fc935756524dcb3172892721c54713964c70",
                "sha256:47d8365a8ef14097aa4c65730689be51851b4ade677285a3b2daa03b37893e26",
                "sha256:510e904079bc56ea784677348e151e1156040dbfb736f1d8ea4b9e6d0ab2d9f4",
                "sha256:58d0851da422bba31c7f652a7e9335313cf94a641aa6d73b8f3c67602f75b593",
                "sha256:7940d5c2185ffb989203dacbb28e6ae88b4f1bb25d04e17f94b0edd82232bcbd",
                "sha256:7cf39bb3a905579836f7a8f3a45320d9eb22f16ab0c1e112efb940ced4d057a5",
                "sha256:9563a23c1456c0ab550c087833bc13fcc61013a66c6420921d5b70550ea312bf",
                "sha256:95b392952935947e0786a90b75cc33388549dcb19af716b525dae65b186138fc",
                "sha256:983129f3fd3cef5c3cf067adcca56e30a169656c00fcc6c648629dbb850b27fa",
                "sha256:a0b75b1f1854771844c647c464533def3e0a899dd094a85d1d4ed72ecaaee93d",
                "sha256:b5db89cc0ef624f3a81214b7961a99f443b8c91e88188376b6b322fd10d5b118",
                "sha256:c0a7751ba1a4bfbe7831920d98cee3ce748007eab8dfda74593d44079568219a",
                "sha256:c0c5a7d4aafcc30c9b6d8613a362567e32e5f5b708dc41bc3a81dac56f8af8bb",
                "sha256:d4d63d85eacc6cb37b459b16061e1f100d154bee89dc8d8f9a6128a5a538e92e",
                "sha256:da5e7e941d6e71c9c9a717c93725cda0708c2474f532e3680ac5e39ec57d224d",
                "sha256:dccad2b3c583f036f43f80ac99ee212c2fa9a45151358d55f13004d095e683b2",
                "sha256:df46307d39f2aeaafa1d25309b8a8d11738b73e9861f72d4d0a092528f498baa",
                "sha256:e70b5e1cb48828ddd2818f99b1662cb9226dc6f57d07fc75485405c77da17436",
                "sha256:ea825562b8cd057cbc9810d496b8b5dec37a1e2fc7b27bc7c1e72ce94462a09a"
            ],
            "version": "==4.3.1"
        },
        "markupsafe": {
            "hashes": [
                "sha256:048ef924c1623740e70204aa7143ec592504045ae4429b59c30054cb31e3c432",
                "sha256:130f844e7f5bdd8e9f3f42e7102ef1d49b2e6fdf0d7526df3f87281a532d8c8b",
                "sha256:19f637c2ac5ae9da8bfd98cef74d64b7e1bb8a63038a3505cd182c3fac5eb4d9",
                "sha256:1b8a7a87ad1b92bd887568ce54b23565f3fd7018c4180136e1cf412b405a47af",
                "sha256:1c25694ca680b6919de53a4bb3bdd0602beafc63ff001fea2f2fc16ec3a11834",
                "sha256:1f19ef5d3908110e1e891deefb5586aae1b49a7440db952454b4e281b41620cd",
                "sha256:1fa6058938190ebe8290e5cae6c351e14e7bb44505c4a7624555ce57fbbeba0d",
                "sha256:31cbb1359e8c25f9f48e156e59e2eaad51cd5242c05ed18a8de6dbe85184e4b7",
                "sha256:3e835d8841ae7863f64e40e19477f7eb398674da6a47f09871673742531e6f4b",
                "sha256:4e97332c9ce444b0c2c38dd22ddc61c743eb208d916e4265a2a3b575bdccb1d3",
                "sha256:525396ee324ee2da82919f2ee9c9e73b012f23e7640131dd1b53a90206a0f09c",
                "sha256:52b07fbc32032c21ad4ab060fec137b76eb804c4b9a1c7c7dc562549306afad2",
                "sha256:52ccb45e77a1085ec5461cde794e1aa037df79f473cbc69b974e73940655c8d7",
                "sha256:5c3fbebd7de20ce93103cb3183b47671f2885307df4a17a0ad56a1dd51273d36",
                "sha256:5e5851969aea17660e55f6a3be00037a25b96a9b44d2083651812c99d53b14d1",
                "sha256:5edfa27b2d3eefa2210fb2f5d539fbed81722b49f083b2c6566455eb7422fd7e",
                "sha256:7d263e5770efddf465a9e31b78362d84d015cc894ca2c131901a4445eaa61ee1",
                "sha256:83381342bfc22b3c8c06f2dd93a505413888694302de25add756254beee8449c",
                "sha256:857eebb2c1dc60e4219ec8e98dfa19553dae33608237e107db9c6078b1167856",
                "sha256:98e439297f78fca3a6169fd330fbe88d78b3bb72f967ad9961bcac0d7fdd1550",
                "sha256:bf54103892a83c64db58125b3f2a43df6d2cb2d28889f14c78519394feb41492",
                "sha256:d9ac82be533394d341b41d78aca7ed0e0f4ba5a2231602e2f05aa87f25c51672",
                "sha256:e982fe07ede9fada6ff6705af70514a52beb1b2c3d25d4e873e82114cf3c5401",
                "sha256:edce2ea7f3dfc981c4ddc97add8a61381d9642dc3273737e756517cc03e84dd6",
                "sha256:efdc45ef1afc238db84cb4963aa689c0408912a0239b0721cb172b4016eb31d6",
                "sha256:f137c02498f8b935892d5c0172560d7ab54bc45039de8805075e19079c639a9c",
                "sha256:f82e347a72f955b7017a39708a3667f106e6ad4d10b25f237396a7115d8ed5fd",
                "sha256:fb7c206e01ad85ce57feeaaa0bf784b97fa3cad0d4a5737bc5295785f5c613a1"
            ],
            "version": "==1.1.0"
        },
        "parsel": {
            "hashes": [
                "sha256:493a9214acbdcb4487a084d95344c25e85e90426a67311ea0425dc5df8dc24b9",
                "sha256:9ccd82b8a122345601f6f9209e972c0e8c3518a188fcff2d37cb4d7bc570b4b8"
            ],
            "version": "==1.5.1"
        },
        "pyasn1": {
            "hashes": [
                "sha256:da2420fe13a9452d8ae97a0e478adde1dee153b11ba832a95b223a2ba01c10f7",
                "sha256:da6b43a8c9ae93bc80e2739efb38cc776ba74a886e3e9318d65fe81a8b8a2c6e"
            ],
            "version": "==0.4.5"
        },
        "pyasn1-modules": {
            "hashes": [
                "sha256:79580acf813e3b7d6e69783884e6e83ac94bf4617b36a135b85c599d8a818a7b",
                "sha256:a52090e8c5841ebbf08ae455146792d9ef3e8445b21055d3a3b7ed9c712b7c7c"
            ],
            "version": "==0.2.4"
        },
        "pycparser": {
            "hashes": [
                "sha256:a988718abfad80b6b157acce7bf130a30876d27603738ac39f140993246b25b3"
            ],
            "version": "==2.19"
        },
        "pydispatcher": {
            "hashes": [
                "sha256:5570069e1b1769af1fe481de6dd1d3a388492acddd2cdad7a3bde145615d5caf",
                "sha256:5be4a8be12805ef7d712dd9a93284fb8bc53f309867e573f653a72e5fd10e433"
            ],
            "version": "==2.0.5"
        },
        "pyhamcrest": {
            "hashes": [
                "sha256:6b672c02fdf7470df9674ab82263841ce8333fb143f32f021f6cb26f0e512420",
                "sha256:8ffaa0a53da57e89de14ced7185ac746227a8894dbd5a3c718bf05ddbd1d56cd"
            ],
            "version": "==1.9.0"
        },
        "pymongo": {
            "hashes": [
                "sha256:025f94fc1e1364f00e50badc88c47f98af20012f23317234e51a11333ef986e6",
                "sha256:02aa7fb282606331aefbc0586e2cf540e9dbe5e343493295e7f390936ad2738e",
                "sha256:057210e831573e932702cf332012ed39da78edf0f02d24a3f0b213264a87a397",
                "sha256:0d946b79c56187fe139276d4c8ed612a27a616966c8b9779d6b79e2053587c8b",
                "sha256:104790893b928d310aae8a955e0bdbaa442fb0ac0a33d1bbb0741c791a407778",
                "sha256:15527ef218d95a8717486106553b0d54ff2641e795b65668754e17ab9ca6e381",
                "sha256:1826527a0b032f6e20e7ac7f72d7c26dd476a5e5aa82c04aa1c7088a59fded7d",
                "sha256:22e3aa4ce1c3eebc7f70f9ca7fd4ce1ea33e8bdb7b61996806cd312f08f84a3a",
                "sha256:244e1101e9a48615b9a16cbd194f73c115fdfefc96894803158608115f703b26",
                "sha256:24b8c04fdb633a84829d03909752c385faef249c06114cc8d8e1700b95aae5c8",
                "sha256:2c276696350785d3104412cbe3ac70ab1e3a10c408e7b20599ee41403a3ed630",
                "sha256:2d8474dc833b1182b651b184ace997a7bd83de0f51244de988d3c30e49f07de3",
                "sha256:3119b57fe1d964781e91a53e81532c85ed1701baaddec592e22f6b77a9fdf3df",
                "sha256:3bee8e7e0709b0fcdaa498a3e513bde9ffc7cd09dbceb11e425bd91c89dbd5b6",
                "sha256:436c071e01a464753d30dbfc8768dd93aecf2a8e378e5314d130b95e77b4d612",
                "sha256:46635e3f19ad04d5a7d7cf23d232388ddbfccf46d9a3b7436b6abadda4e84813",
                "sha256:4772e0b679717e7ac4608d996f57b6f380748a919b457cb05bb941467b888b22",
                "sha256:4e2cd80e16f481a62c3175b607373200e714ed29025f21559ebf7524f295689f",
                "sha256:52732960efa0e003ca1c092dc0a3c65276e897681287a788a01ca78dda3b41f0",
                "sha256:55a7de51ec7d1731b2431886d0349146645f2816e5b8eb982d7c49f89472c9f3",
                "sha256:5f8ed5934197a2d4b2087646e98de3e099a237099dcf498b9e38dd3465f74ef4",
                "sha256:64b064124fcbc8eb04a155117dc4d9a336e3cda3f069958fbc44fe70c3c3d1e9",
                "sha256:65958b8e4319f992e85dad59d8081888b97fcdbde5f0d14bc28f2848b92d3ef1",
                "sha256:7683428862e20c6a790c19e64f8ccf487f613fbc83d47e3d532df9c81668d451",
                "sha256:78566d5570c75a127c2491e343dc006798a384f06be588fe9b0cbe5595711559",
                "sha256:7d1cb00c093dbf1d0b16ccf123e79dee3b82608e4a2a88947695f0460eef13ff",
                "sha256:8c74e2a9b594f7962c62cef7680a4cb92a96b4e6e3c2f970790da67cc0213a7e",
                "sha256:8e60aa7699170f55f4b0f56ee6f8415229777ac7e4b4b1aa41fc61eec08c1f1d",
                "sha256:9447b561529576d89d3bf973e5241a88cf76e45bd101963f5236888713dea774",
                "sha256:970055bfeb0be373f2f5299a3db8432444bad3bc2f198753ee6c2a3a781e0959",
                "sha256:a6344b8542e584e140dc3c651d68bde51270e79490aa9320f9e708f9b2c39bd5",
                "sha256:ce309ca470d747b02ba6069d286a17b7df8e9c94d10d727d9cf3a64e51d85184",
                "sha256:cfbd86ed4c2b2ac71bbdbcea6669bf295def7152e3722ddd9dda94ac7981f33d",
                "sha256:d7929c513732dff093481f4a0954ed5ff16816365842136b17caa0b4992e49d3"
            ],
            "index": "pypi",
            "version": "==3.7.2"
        },
        "pyopenssl": {
            "hashes": [
                "sha256:aeca66338f6de19d1aa46ed634c3b9ae519a64b458f8468aec688e7e3c20f200",
                "sha256:c727930ad54b10fc157015014b666f2d8b41f70c0d03e83ab67624fd3dd5d1e6"
            ],
            "version": "==19.0.0"
        },
        "python-dateutil": {
            "hashes": [
                "sha256:7e6584c74aeed623791615e26efd690f29817a27c73085b78e4bad02493df2fb",
                "sha256:c89805f6f4d64db21ed966fda138f8a5ed7a4fdbc1a8ee329ce1b74e3c74da9e"
            ],
            "version": "==2.8.0"
        },
        "python-levenshtein": {
            "hashes": [
                "sha256:033a11de5e3d19ea25c9302d11224e1a1898fe5abd23c61c7c360c25195e3eb1"
            ],
            "markers": "extra == 'speedup'",
            "version": "==0.12.0"
        },
        "pytz": {
            "hashes": [
                "sha256:32b0891edff07e28efe91284ed9c31e123d84bea3fd98e1f72be2508f43ef8d9",
                "sha256:d5f05e487007e29e03409f9398d074e158d920d36eb82eaf66fb1136b0c5374c"
            ],
            "version": "==2018.9"
        },
        "queuelib": {
            "hashes": [
                "sha256:42b413295551bdc24ed9376c1a2cd7d0b1b0fa4746b77b27ca2b797a276a1a17",
                "sha256:ff43b5b74b9266f8df4232a8f768dc4d67281a271905e2ed4a3689d4d304cd02"
            ],
            "version": "==1.5.0"
        },
        "regex": {
            "hashes": [
                "sha256:017bf6f893db109dc5f82b902019f6fe089e605af5e1f0f6f7271f936b411eb4",
                "sha256:0969fdb610435d7f49dc5518f7642d7b1319ef19f0c3f1bd4d972afbb9877aa7",
                "sha256:3679f269790c87bd04e003e60e098b1be5392f17c48d28c2a3b9d16b3dcbca2a",
                "sha256:37150aee3411f38d08733edb5f3faa656f96ddae00ee7713e01d7423f0f72815",
                "sha256:4a1a1d963f462c13722b34ef1f82c4707091b0a3fb9b5fd79b6670c38b734095",
                "sha256:5da76d468d048fb163bcaedd5c0832a3ab95da1034598a6c673bf999ae61f259",
                "sha256:72dda5123ee45cde10031576710ca0c4972757c94a60b75023a45d8069da34ca",
                "sha256:7f40b720b81f6614a34a8857d2417fbe619734629f9d0627e2cc9e493979401d",
                "sha256:a22a11e9dd6e46529dc4409bd6c449f3e7525aa4b0d5e9b23363302cfe4db8e4"
            ],
            "version": "==2019.2.7"
        },
        "scrapy": {
            "hashes": [
                "sha256:5a398bf6818f87dcc817c919408a195f19ba46414ae12f259119336cfa862bb6",
                "sha256:5b9621731e26b0d195ca3e25ab34d559f45b0b906c0a0cc359199f1b6b612184"
            ],
            "index": "pypi",
            "version": "==1.5.1"
        },
        "service-identity": {
            "hashes": [
                "sha256:001c0707759cb3de7e49c078a7c0c9cd12594161d3bf06b9c254fdcb1a60dc36",
                "sha256:0858a54aabc5b459d1aafa8a518ed2081a285087f349fe3e55197989232e2e2d"
            ],
            "version": "==18.1.0"
        },
        "simplejson": {
            "hashes": [
                "sha256:067a7177ddfa32e1483ba5169ebea1bc2ea27f224853211ca669325648ca5642",
                "sha256:2fc546e6af49fb45b93bbe878dea4c48edc34083729c0abd09981fe55bdf7f91",
                "sha256:354fa32b02885e6dae925f1b5bbf842c333c1e11ea5453ddd67309dc31fdb40a",
                "sha256:37e685986cf6f8144607f90340cff72d36acf654f3653a6c47b84c5c38d00df7",
                "sha256:3af610ee72efbe644e19d5eaad575c73fb83026192114e5f6719f4901097fce2",
                "sha256:3b919fc9cf508f13b929a9b274c40786036b31ad28657819b3b9ba44ba651f50",
                "sha256:3dd289368bbd064974d9a5961101f080e939cbe051e6689a193c99fb6e9ac89b",
                "sha256:6c3258ffff58712818a233b9737fe4be943d306c40cf63d14ddc82ba563f483a",
                "sha256:75e3f0b12c28945c08f54350d91e624f8dd580ab74fd4f1bbea54bc6b0165610",
                "sha256:b1f329139ba647a9548aa05fb95d046b4a677643070dc2afc05fa2e975d09ca5",
                "sha256:ee9625fc8ee164902dfbb0ff932b26df112da9f871c32f0f9c1bcf20c350fe2a",
                "sha256:fb2530b53c28f0d4d84990e945c2ebb470edb469d63e389bf02ff409012fe7c5"
            ],
            "version": "==3.16.0"
        },
        "six": {
            "hashes": [
                "sha256:3350809f0555b11f552448330d0b52d5f24c91a322ea4a15ef22629740f3761c",
                "sha256:d16a0141ec1a18405cd4ce8b4613101da75da0e9a7aec5bdd4fa804d0e0eba73"
            ],
            "version": "==1.12.0"
        },
        "twisted": {
            "hashes": [
                "sha256:294be2c6bf84ae776df2fc98e7af7d6537e1c5e60a46d33c3ce2a197677da395"
            ],
            "version": "==18.9.0"
        },
        "tzlocal": {
            "hashes": [
                "sha256:4ebeb848845ac898da6519b9b31879cf13b6626f7184c496037b818e238f2c4e"
            ],
            "version": "==1.5.1"
        },
        "w3lib": {
            "hashes": [
                "sha256:67eacd24f4f233a80bc472835ad6aad99616e49aa1d795f3dbb7b8b028fec6cf",
                "sha256:e54db912ae1c79d3e246b16d3645bdf701f70ac4f8a2fc46eeb284cc02a31cd7"
            ],
            "version": "==1.20.0"
        },
        "werkzeug": {
            "hashes": [
                "sha256:c3fd7a7d41976d9f44db327260e263132466836cef6f91512889ed60ad26557c",
                "sha256:d5da73735293558eb1651ee2fddc4d0dedcfa06538b8813a2e20011583c9e49b"
            ],
            "version": "==0.14.1"
        },
        "zope.interface": {
            "hashes": [
                "sha256:086707e0f413ff8800d9c4bc26e174f7ee4c9c8b0302fbad68d083071822316c",
                "sha256:1157b1ec2a1f5bf45668421e3955c60c610e31913cc695b407a574efdbae1f7b",
                "sha256:11ebddf765bff3bbe8dbce10c86884d87f90ed66ee410a7e6c392086e2c63d02",
                "sha256:14b242d53f6f35c2d07aa2c0e13ccb710392bcd203e1b82a1828d216f6f6b11f",
                "sha256:1b3d0dcabc7c90b470e59e38a9acaa361be43b3a6ea644c0063951964717f0e5",
                "sha256:20a12ab46a7e72b89ce0671e7d7a6c3c1ca2c2766ac98112f78c5bddaa6e4375",
                "sha256:298f82c0ab1b182bd1f34f347ea97dde0fffb9ecf850ecf7f8904b8442a07487",
                "sha256:2f6175722da6f23dbfc76c26c241b67b020e1e83ec7fe93c9e5d3dd18667ada2",
                "sha256:3b877de633a0f6d81b600624ff9137312d8b1d0f517064dfc39999352ab659f0",
                "sha256:4265681e77f5ac5bac0905812b828c9fe1ce80c6f3e3f8574acfb5643aeabc5b",
                "sha256:550695c4e7313555549aa1cdb978dc9413d61307531f123558e438871a883d63",
                "sha256:5f4d42baed3a14c290a078e2696c5f565501abde1b2f3f1a1c0a94fbf6fbcc39",
                "sha256:62dd71dbed8cc6a18379700701d959307823b3b2451bdc018594c48956ace745",
                "sha256:7040547e5b882349c0a2cc9b50674b1745db551f330746af434aad4f09fba2cc",
                "sha256:7e099fde2cce8b29434684f82977db4e24f0efa8b0508179fce1602d103296a2",
                "sha256:7e5c9a5012b2b33e87980cee7d1c82412b2ebabcb5862d53413ba1a2cfde23aa",
                "sha256:81295629128f929e73be4ccfdd943a0906e5fe3cdb0d43ff1e5144d16fbb52b1",
                "sha256:95cc574b0b83b85be9917d37cd2fad0ce5a0d21b024e1a5804d044aabea636fc",
                "sha256:968d5c5702da15c5bf8e4a6e4b67a4d92164e334e9c0b6acf080106678230b98",
                "sha256:9e998ba87df77a85c7bed53240a7257afe51a07ee6bc3445a0bf841886da0b97",
                "sha256:a0c39e2535a7e9c195af956610dba5a1073071d2d85e9d2e5d789463f63e52ab",
                "sha256:a15e75d284178afe529a536b0e8b28b7e107ef39626a7809b4ee64ff3abc9127",
                "sha256:a6a6ff82f5f9b9702478035d8f6fb6903885653bff7ec3a1e011edc9b1a7168d",
                "sha256:b639f72b95389620c1f881d94739c614d385406ab1d6926a9ffe1c8abbea23fe",
                "sha256:bad44274b151d46619a7567010f7cde23a908c6faa84b97598fd2f474a0c6891",
                "sha256:bbcef00d09a30948756c5968863316c949d9cedbc7aabac5e8f0ffbdb632e5f1",
                "sha256:d788a3999014ddf416f2dc454efa4a5dbeda657c6aba031cf363741273804c6b",
                "sha256:eed88ae03e1ef3a75a0e96a55a99d7937ed03e53d0cffc2451c208db445a2966",
                "sha256:f99451f3a579e73b5dd58b1b08d1179791d49084371d9a47baad3b22417f0317"
            ],
            "version": "==4.6.0"
        }
    },
    "develop": {
        "astroid": {
            "hashes": [
                "sha256:35b032003d6a863f5dcd7ec11abd5cd5893428beaa31ab164982403bcb311f22",
                "sha256:6a5d668d7dc69110de01cdf7aeec69a679ef486862a0850cc0fd5571505b6b7e"
            ],
            "version": "==2.1.0"
        },
        "isort": {
            "hashes": [
                "sha256:1153601da39a25b14ddc54955dbbacbb6b2d19135386699e2ad58517953b34af",
                "sha256:b9c40e9750f3d77e6e4d441d8b0266cf555e7cdabdcff33c4fd06366ca761ef8",
                "sha256:ec9ef8f4a9bc6f71eec99e1806bfa2de401650d996c59330782b89a5555c1497"
            ],
            "version": "==4.3.4"
        },
        "lazy-object-proxy": {
            "hashes": [
                "sha256:0ce34342b419bd8f018e6666bfef729aec3edf62345a53b537a4dcc115746a33",
                "sha256:1b668120716eb7ee21d8a38815e5eb3bb8211117d9a90b0f8e21722c0758cc39",
                "sha256:209615b0fe4624d79e50220ce3310ca1a9445fd8e6d3572a896e7f9146bbf019",
                "sha256:27bf62cb2b1a2068d443ff7097ee33393f8483b570b475db8ebf7e1cba64f088",
                "sha256:27ea6fd1c02dcc78172a82fc37fcc0992a94e4cecf53cb6d73f11749825bd98b",
                "sha256:2c1b21b44ac9beb0fc848d3993924147ba45c4ebc24be19825e57aabbe74a99e",
                "sha256:2df72ab12046a3496a92476020a1a0abf78b2a7db9ff4dc2036b8dd980203ae6",
                "sha256:320ffd3de9699d3892048baee45ebfbbf9388a7d65d832d7e580243ade426d2b",
                "sha256:50e3b9a464d5d08cc5227413db0d1c4707b6172e4d4d915c1c70e4de0bbff1f5",
                "sha256:5276db7ff62bb7b52f77f1f51ed58850e315154249aceb42e7f4c611f0f847ff",
                "sha256:61a6cf00dcb1a7f0c773ed4acc509cb636af2d6337a08f362413c76b2b47a8dd",
                "sha256:6ae6c4cb59f199d8827c5a07546b2ab7e85d262acaccaacd49b62f53f7c456f7",
                "sha256:7661d401d60d8bf15bb5da39e4dd72f5d764c5aff5a86ef52a042506e3e970ff",
                "sha256:7bd527f36a605c914efca5d3d014170b2cb184723e423d26b1fb2fd9108e264d",
                "sha256:7cb54db3535c8686ea12e9535eb087d32421184eacc6939ef15ef50f83a5e7e2",
                "sha256:7f3a2d740291f7f2c111d86a1c4851b70fb000a6c8883a59660d95ad57b9df35",
                "sha256:81304b7d8e9c824d058087dcb89144842c8e0dea6d281c031f59f0acf66963d4",
                "sha256:933947e8b4fbe617a51528b09851685138b49d511af0b6c0da2539115d6d4514",
                "sha256:94223d7f060301b3a8c09c9b3bc3294b56b2188e7d8179c762a1cda72c979252",
                "sha256:ab3ca49afcb47058393b0122428358d2fbe0408cf99f1b58b295cfeb4ed39109",
                "sha256:bd6292f565ca46dee4e737ebcc20742e3b5be2b01556dafe169f6c65d088875f",
                "sha256:cb924aa3e4a3fb644d0c463cad5bc2572649a6a3f68a7f8e4fbe44aaa6d77e4c",
                "sha256:d0fc7a286feac9077ec52a927fc9fe8fe2fabab95426722be4c953c9a8bede92",
                "sha256:ddc34786490a6e4ec0a855d401034cbd1242ef186c20d79d2166d6a4bd449577",
                "sha256:e34b155e36fa9da7e1b7c738ed7767fc9491a62ec6af70fe9da4a057759edc2d",
                "sha256:e5b9e8f6bda48460b7b143c3821b21b452cb3a835e6bbd5dd33aa0c8d3f5137d",
                "sha256:e81ebf6c5ee9684be8f2c87563880f93eedd56dd2b6146d8a725b50b7e5adb0f",
                "sha256:eb91be369f945f10d3a49f5f9be8b3d0b93a4c2be8f8a5b83b0571b8123e0a7a",
                "sha256:f460d1ceb0e4a5dcb2a652db0904224f367c9b3c1470d5a7683c0480e582468b"
            ],
            "version": "==1.3.1"
        },
        "mccabe": {
            "hashes": [
                "sha256:ab8a6258860da4b6677da4bd2fe5dc2c659cff31b3ee4f7f5d64e79735b80d42",
                "sha256:dd8d182285a0fe56bace7f45b5e7d1a6ebcbf524e8f3bd87eb0f125271b8831f"
            ],
            "version": "==0.6.1"
        },
        "pylint": {
            "hashes": [
                "sha256:1d6d3622c94b4887115fe5204982eee66fdd8a951cf98635ee5caee6ec98c3ec",
                "sha256:31142f764d2a7cd41df5196f9933b12b7ee55e73ef12204b648ad7e556c119fb"
            ],
            "index": "pypi",
            "version": "==2.1.1"
        },
        "rope": {
            "hashes": [
                "sha256:031eb54b3eeec89f4304ede816995ed2b93a21e6fba16bd02aff10a0d6c257b7"
            ],
            "index": "pypi",
            "version": "==0.12.0"
        },
        "six": {
            "hashes": [
                "sha256:3350809f0555b11f552448330d0b52d5f24c91a322ea4a15ef22629740f3761c",
                "sha256:d16a0141ec1a18405cd4ce8b4613101da75da0e9a7aec5bdd4fa804d0e0eba73"
            ],
            "version": "==1.12.0"
        },
        "typed-ast": {
            "hashes": [
                "sha256:035a54ede6ce1380599b2ce57844c6554666522e376bd111eb940fbc7c3dad23",
                "sha256:037c35f2741ce3a9ac0d55abfcd119133cbd821fffa4461397718287092d9d15",
                "sha256:049feae7e9f180b64efacbdc36b3af64a00393a47be22fa9cb6794e68d4e73d3",
                "sha256:19228f7940beafc1ba21a6e8e070e0b0bfd1457902a3a81709762b8b9039b88d",
                "sha256:2ea681e91e3550a30c2265d2916f40a5f5d89b59469a20f3bad7d07adee0f7a6",
                "sha256:3a6b0a78af298d82323660df5497bcea0f0a4a25a0b003afd0ce5af049bd1f60",
                "sha256:5385da8f3b801014504df0852bf83524599df890387a3c2b17b7caa3d78b1773",
                "sha256:606d8afa07eef77280c2bf84335e24390055b478392e1975f96286d99d0cb424",
                "sha256:69245b5b23bbf7fb242c9f8f08493e9ecd7711f063259aefffaeb90595d62287",
                "sha256:6f6d839ab09830d59b7fa8fb6917023d8cb5498ee1f1dbd82d37db78eb76bc99",
                "sha256:730888475f5ac0e37c1de4bd05eeb799fdb742697867f524dc8a4cd74bcecc23",
                "sha256:9819b5162ffc121b9e334923c685b0d0826154e41dfe70b2ede2ce29034c71d8",
                "sha256:9e60ef9426efab601dd9aa120e4ff560f4461cf8442e9c0a2b92548d52800699",
                "sha256:af5fbdde0690c7da68e841d7fc2632345d570768ea7406a9434446d7b33b0ee1",
                "sha256:b64efdbdf3bbb1377562c179f167f3bf301251411eb5ac77dec6b7d32bcda463",
                "sha256:bac5f444c118aeb456fac1b0b5d14c6a71ea2a42069b09c176f75e9bd4c186f6",
                "sha256:bda9068aafb73859491e13b99b682bd299c1b5fd50644d697533775828a28ee0",
                "sha256:d659517ca116e6750101a1326107d3479028c5191f0ecee3c7203c50f5b915b0",
                "sha256:eddd3fb1f3e0f82e5915a899285a39ee34ce18fd25d89582bc89fc9fb16cd2c6"
            ],
            "markers": "python_version < '3.7' and implementation_name == 'cpython'",
            "version": "==1.3.1"
        },
        "wrapt": {
            "hashes": [
                "sha256:4aea003270831cceb8a90ff27c4031da6ead7ec1886023b80ce0dfe0adf61533"
            ],
            "version": "==1.11.1"
        }
    }
}
